// !$*UTF8*$!
{
	archiveVersion = 1;
	classes = {
	};
	objectVersion = 56;
	objects = {

/* Begin PBXBuildFile section */
		044B3DD229D69846008329CB /* SwiftUIProfileNavigationApp.swift in Sources */ = {isa = PBXBuildFile; fileRef = 044B3DD129D69846008329CB /* SwiftUIProfileNavigationApp.swift */; };
		044B3DD429D69846008329CB /* ContentView.swift in Sources */ = {isa = PBXBuildFile; fileRef = 044B3DD329D69846008329CB /* ContentView.swift */; };
		044B3DD629D69847008329CB /* Assets.xcassets in Resources */ = {isa = PBXBuildFile; fileRef = 044B3DD529D69847008329CB /* Assets.xcassets */; };
		044B3DD929D69847008329CB /* Preview Assets.xcassets in Resources */ = {isa = PBXBuildFile; fileRef = 044B3DD829D69847008329CB /* Preview Assets.xcassets */; };
		044B3DE229D698D5008329CB /* User.swift in Sources */ = {isa = PBXBuildFile; fileRef = 044B3DE129D698D5008329CB /* User.swift */; };
		044B3DE729D699CC008329CB /* ProfileView.swift in Sources */ = {isa = PBXBuildFile; fileRef = 044B3DE629D699CC008329CB /* ProfileView.swift */; };
		044B3DE929D69ADD008329CB /* ViewModel.swift in Sources */ = {isa = PBXBuildFile; fileRef = 044B3DE829D69ADD008329CB /* ViewModel.swift */; };
		044B3DEB29D69BE4008329CB /* ProfleHeader.swift in Sources */ = {isa = PBXBuildFile; fileRef = 044B3DEA29D69BE4008329CB /* ProfleHeader.swift */; };
		044B3DED29D69EF3008329CB /* ProfileInfoView.swift in Sources */ = {isa = PBXBuildFile; fileRef = 044B3DEC29D69EF3008329CB /* ProfileInfoView.swift */; };
		044B3DEF29D69F4B008329CB /* ProfileFollowCountView.swift in Sources */ = {isa = PBXBuildFile; fileRef = 044B3DEE29D69F4B008329CB /* ProfileFollowCountView.swift */; };
		04A7553429D6B5B400E869A9 /* ProfileEditButtonView.swift in Sources */ = {isa = PBXBuildFile; fileRef = 04A7553329D6B5B400E869A9 /* ProfileEditButtonView.swift */; };
		04A7553829D6B71D00E869A9 /* PostRowView.swift in Sources */ = {isa = PBXBuildFile; fileRef = 04A7553729D6B71D00E869A9 /* PostRowView.swift */; };
		04A7553A29D6B7CC00E869A9 /* UserRowView.swift in Sources */ = {isa = PBXBuildFile; fileRef = 04A7553929D6B7CC00E869A9 /* UserRowView.swift */; };
		04A7553C29D6B9AB00E869A9 /* ProfileListView.swift in Sources */ = {isa = PBXBuildFile; fileRef = 04A7553B29D6B9AB00E869A9 /* ProfileListView.swift */; };
		04A7553F29D6BBFA00E869A9 /* ProfileFilterBarView.swift in Sources */ = {isa = PBXBuildFile; fileRef = 04A7553E29D6BBFA00E869A9 /* ProfileFilterBarView.swift */; };
		04A7554229D6C21900E869A9 /* FollowersView.swift in Sources */ = {isa = PBXBuildFile; fileRef = 04A7554129D6C21900E869A9 /* FollowersView.swift */; };
		04A7554529D6C29A00E869A9 /* FollowingView.swift in Sources */ = {isa = PBXBuildFile; fileRef = 04A7554429D6C29A00E869A9 /* FollowingView.swift */; };
		04A7554729D6C39300E869A9 /* ProfileModifier.swift in Sources */ = {isa = PBXBuildFile; fileRef = 04A7554629D6C39300E869A9 /* ProfileModifier.swift */; };
		04A7554929D6C47A00E869A9 /* Route.swift in Sources */ = {isa = PBXBuildFile; fileRef = 04A7554829D6C47A00E869A9 /* Route.swift */; };
		04A7554B29D6C76C00E869A9 /* UIState.swift in Sources */ = {isa = PBXBuildFile; fileRef = 04A7554A29D6C76C00E869A9 /* UIState.swift */; };
		04A7554D29D6CB9800E869A9 /* OtherProfileView.swift in Sources */ = {isa = PBXBuildFile; fileRef = 04A7554C29D6CB9800E869A9 /* OtherProfileView.swift */; };
		04A7554F29D6CD4F00E869A9 /* OtherProfileModifier.swift in Sources */ = {isa = PBXBuildFile; fileRef = 04A7554E29D6CD4F00E869A9 /* OtherProfileModifier.swift */; };
		04A7555129D6CF3600E869A9 /* FollowButton.swift in Sources */ = {isa = PBXBuildFile; fileRef = 04A7555029D6CF3600E869A9 /* FollowButton.swift */; };
		04A7555529D6D4FA00E869A9 /* OtherFollowersView.swift in Sources */ = {isa = PBXBuildFile; fileRef = 04A7555429D6D4FA00E869A9 /* OtherFollowersView.swift */; };
		04A7555729D6D50500E869A9 /* OtherFollowingView.swift in Sources */ = {isa = PBXBuildFile; fileRef = 04A7555629D6D50500E869A9 /* OtherFollowingView.swift */; };
		04A7555929D6D55200E869A9 /* OtherFollowCount.swift in Sources */ = {isa = PBXBuildFile; fileRef = 04A7555829D6D55200E869A9 /* OtherFollowCount.swift */; };
/* End PBXBuildFile section */

/* Begin PBXFileReference section */
		044B3DCE29D69846008329CB /* SwiftUIProfileNavigation.app */ = {isa = PBXFileReference; explicitFileType = wrapper.application; includeInIndex = 0; path = SwiftUIProfileNavigation.app; sourceTree = BUILT_PRODUCTS_DIR; };
		044B3DD129D69846008329CB /* SwiftUIProfileNavigationApp.swift */ = {isa = PBXFileReference; lastKnownFileType = sourcecode.swift; path = SwiftUIProfileNavigationApp.swift; sourceTree = "<group>"; };
		044B3DD329D69846008329CB /* ContentView.swift */ = {isa = PBXFileReference; lastKnownFileType = sourcecode.swift; path = ContentView.swift; sourceTree = "<group>"; };
		044B3DD529D69847008329CB /* Assets.xcassets */ = {isa = PBXFileReference; lastKnownFileType = folder.assetcatalog; path = Assets.xcassets; sourceTree = "<group>"; };
		044B3DD829D69847008329CB /* Preview Assets.xcassets */ = {isa = PBXFileReference; lastKnownFileType = folder.assetcatalog; path = "Preview Assets.xcassets"; sourceTree = "<group>"; };
		044B3DE129D698D5008329CB /* User.swift */ = {isa = PBXFileReference; lastKnownFileType = sourcecode.swift; path = User.swift; sourceTree = "<group>"; };
		044B3DE629D699CC008329CB /* ProfileView.swift */ = {isa = PBXFileReference; lastKnownFileType = sourcecode.swift; path = ProfileView.swift; sourceTree = "<group>"; };
		044B3DE829D69ADD008329CB /* ViewModel.swift */ = {isa = PBXFileReference; lastKnownFileType = sourcecode.swift; path = ViewModel.swift; sourceTree = "<group>"; };
		044B3DEA29D69BE4008329CB /* ProfleHeader.swift */ = {isa = PBXFileReference; lastKnownFileType = sourcecode.swift; path = ProfleHeader.swift; sourceTree = "<group>"; };
		044B3DEC29D69EF3008329CB /* ProfileInfoView.swift */ = {isa = PBXFileReference; lastKnownFileType = sourcecode.swift; path = ProfileInfoView.swift; sourceTree = "<group>"; };
		044B3DEE29D69F4B008329CB /* ProfileFollowCountView.swift */ = {isa = PBXFileReference; lastKnownFileType = sourcecode.swift; path = ProfileFollowCountView.swift; sourceTree = "<group>"; };
		04A7553329D6B5B400E869A9 /* ProfileEditButtonView.swift */ = {isa = PBXFileReference; lastKnownFileType = sourcecode.swift; path = ProfileEditButtonView.swift; sourceTree = "<group>"; };
		04A7553729D6B71D00E869A9 /* PostRowView.swift */ = {isa = PBXFileReference; lastKnownFileType = sourcecode.swift; path = PostRowView.swift; sourceTree = "<group>"; };
		04A7553929D6B7CC00E869A9 /* UserRowView.swift */ = {isa = PBXFileReference; lastKnownFileType = sourcecode.swift; path = UserRowView.swift; sourceTree = "<group>"; };
		04A7553B29D6B9AB00E869A9 /* ProfileListView.swift */ = {isa = PBXFileReference; lastKnownFileType = sourcecode.swift; path = ProfileListView.swift; sourceTree = "<group>"; };
		04A7553D29D6BBA500E869A9 /* Info.plist */ = {isa = PBXFileReference; lastKnownFileType = text.plist; path = Info.plist; sourceTree = "<group>"; };
		04A7553E29D6BBFA00E869A9 /* ProfileFilterBarView.swift */ = {isa = PBXFileReference; lastKnownFileType = sourcecode.swift; path = ProfileFilterBarView.swift; sourceTree = "<group>"; };
		04A7554129D6C21900E869A9 /* FollowersView.swift */ = {isa = PBXFileReference; lastKnownFileType = sourcecode.swift; path = FollowersView.swift; sourceTree = "<group>"; };
		04A7554429D6C29A00E869A9 /* FollowingView.swift */ = {isa = PBXFileReference; lastKnownFileType = sourcecode.swift; path = FollowingView.swift; sourceTree = "<group>"; };
		04A7554629D6C39300E869A9 /* ProfileModifier.swift */ = {isa = PBXFileReference; lastKnownFileType = sourcecode.swift; path = ProfileModifier.swift; sourceTree = "<group>"; };
		04A7554829D6C47A00E869A9 /* Route.swift */ = {isa = PBXFileReference; lastKnownFileType = sourcecode.swift; path = Route.swift; sourceTree = "<group>"; };
		04A7554A29D6C76C00E869A9 /* UIState.swift */ = {isa = PBXFileReference; lastKnownFileType = sourcecode.swift; path = UIState.swift; sourceTree = "<group>"; };
		04A7554C29D6CB9800E869A9 /* OtherProfileView.swift */ = {isa = PBXFileReference; lastKnownFileType = sourcecode.swift; path = OtherProfileView.swift; sourceTree = "<group>"; };
		04A7554E29D6CD4F00E869A9 /* OtherProfileModifier.swift */ = {isa = PBXFileReference; lastKnownFileType = sourcecode.swift; path = OtherProfileModifier.swift; sourceTree = "<group>"; };
		04A7555029D6CF3600E869A9 /* FollowButton.swift */ = {isa = PBXFileReference; lastKnownFileType = sourcecode.swift; path = FollowButton.swift; sourceTree = "<group>"; };
		04A7555429D6D4FA00E869A9 /* OtherFollowersView.swift */ = {isa = PBXFileReference; lastKnownFileType = sourcecode.swift; path = OtherFollowersView.swift; sourceTree = "<group>"; };
		04A7555629D6D50500E869A9 /* OtherFollowingView.swift */ = {isa = PBXFileReference; lastKnownFileType = sourcecode.swift; path = OtherFollowingView.swift; sourceTree = "<group>"; };
		04A7555829D6D55200E869A9 /* OtherFollowCount.swift */ = {isa = PBXFileReference; lastKnownFileType = sourcecode.swift; path = OtherFollowCount.swift; sourceTree = "<group>"; };
/* End PBXFileReference section */

/* Begin PBXFrameworksBuildPhase section */
		044B3DCB29D69846008329CB /* Frameworks */ = {
			isa = PBXFrameworksBuildPhase;
			buildActionMask = 2147483647;
			files = (
			);
			runOnlyForDeploymentPostprocessing = 0;
		};
/* End PBXFrameworksBuildPhase section */

/* Begin PBXGroup section */
		044B3DC529D69846008329CB = {
			isa = PBXGroup;
			children = (
				044B3DD029D69846008329CB /* SwiftUIProfileNavigation */,
				044B3DCF29D69846008329CB /* Products */,
			);
			sourceTree = "<group>";
		};
		044B3DCF29D69846008329CB /* Products */ = {
			isa = PBXGroup;
			children = (
				044B3DCE29D69846008329CB /* SwiftUIProfileNavigation.app */,
			);
			name = Products;
			sourceTree = "<group>";
		};
		044B3DD029D69846008329CB /* SwiftUIProfileNavigation */ = {
			isa = PBXGroup;
			children = (
				04A7553D29D6BBA500E869A9 /* Info.plist */,
				044B3DE029D698A4008329CB /* Core */,
				044B3DDF29D6989D008329CB /* Models */,
				044B3DD129D69846008329CB /* SwiftUIProfileNavigationApp.swift */,
				044B3DD329D69846008329CB /* ContentView.swift */,
				044B3DD529D69847008329CB /* Assets.xcassets */,
				044B3DD729D69847008329CB /* Preview Content */,
			);
			path = SwiftUIProfileNavigation;
			sourceTree = "<group>";
		};
		044B3DD729D69847008329CB /* Preview Content */ = {
			isa = PBXGroup;
			children = (
				044B3DD829D69847008329CB /* Preview Assets.xcassets */,
			);
			path = "Preview Content";
			sourceTree = "<group>";
		};
		044B3DDF29D6989D008329CB /* Models */ = {
			isa = PBXGroup;
			children = (
				044B3DE129D698D5008329CB /* User.swift */,
				04A7554829D6C47A00E869A9 /* Route.swift */,
				04A7554A29D6C76C00E869A9 /* UIState.swift */,
			);
			path = Models;
			sourceTree = "<group>";
		};
		044B3DE029D698A4008329CB /* Core */ = {
			isa = PBXGroup;
			children = (
				04A7555329D6D4DC00E869A9 /* OtherFollowers */,
				04A7555229D6D4CD00E869A9 /* OtherFollowing */,
				04A7554329D6C28C00E869A9 /* Following */,
				04A7554029D6C20C00E869A9 /* Followers */,
				044B3DE529D699B7008329CB /* Components */,
				044B3DE429D6997D008329CB /* OtherProfile */,
				044B3DE329D69975008329CB /* Profile */,
				044B3DE829D69ADD008329CB /* ViewModel.swift */,
			);
			path = Core;
			sourceTree = "<group>";
		};
		044B3DE329D69975008329CB /* Profile */ = {
			isa = PBXGroup;
			children = (
				044B3DE629D699CC008329CB /* ProfileView.swift */,
			);
			path = Profile;
			sourceTree = "<group>";
		};
		044B3DE429D6997D008329CB /* OtherProfile */ = {
			isa = PBXGroup;
			children = (
				04A7554C29D6CB9800E869A9 /* OtherProfileView.swift */,
			);
			path = OtherProfile;
			sourceTree = "<group>";
		};
		044B3DE529D699B7008329CB /* Components */ = {
			isa = PBXGroup;
			children = (
				044B3DEA29D69BE4008329CB /* ProfleHeader.swift */,
				044B3DEC29D69EF3008329CB /* ProfileInfoView.swift */,
				044B3DEE29D69F4B008329CB /* ProfileFollowCountView.swift */,
				04A7553329D6B5B400E869A9 /* ProfileEditButtonView.swift */,
				04A7553729D6B71D00E869A9 /* PostRowView.swift */,
				04A7553929D6B7CC00E869A9 /* UserRowView.swift */,
				04A7553B29D6B9AB00E869A9 /* ProfileListView.swift */,
				04A7553E29D6BBFA00E869A9 /* ProfileFilterBarView.swift */,
				04A7554629D6C39300E869A9 /* ProfileModifier.swift */,
				04A7554E29D6CD4F00E869A9 /* OtherProfileModifier.swift */,
				04A7555029D6CF3600E869A9 /* FollowButton.swift */,
				04A7555829D6D55200E869A9 /* OtherFollowCount.swift */,
			);
			path = Components;
			sourceTree = "<group>";
		};
		04A7554029D6C20C00E869A9 /* Followers */ = {
			isa = PBXGroup;
			children = (
				04A7554129D6C21900E869A9 /* FollowersView.swift */,
			);
			path = Followers;
			sourceTree = "<group>";
		};
		04A7554329D6C28C00E869A9 /* Following */ = {
			isa = PBXGroup;
			children = (
				04A7554429D6C29A00E869A9 /* FollowingView.swift */,
			);
			path = Following;
			sourceTree = "<group>";
		};
		04A7555229D6D4CD00E869A9 /* OtherFollowing */ = {
			isa = PBXGroup;
			children = (
				04A7555629D6D50500E869A9 /* OtherFollowingView.swift */,
			);
			path = OtherFollowing;
			sourceTree = "<group>";
		};
		04A7555329D6D4DC00E869A9 /* OtherFollowers */ = {
			isa = PBXGroup;
			children = (
				04A7555429D6D4FA00E869A9 /* OtherFollowersView.swift */,
			);
			path = OtherFollowers;
			sourceTree = "<group>";
		};
/* End PBXGroup section */

/* Begin PBXNativeTarget section */
		044B3DCD29D69846008329CB /* SwiftUIProfileNavigation */ = {
			isa = PBXNativeTarget;
			buildConfigurationList = 044B3DDC29D69847008329CB /* Build configuration list for PBXNativeTarget "SwiftUIProfileNavigation" */;
			buildPhases = (
				044B3DCA29D69846008329CB /* Sources */,
				044B3DCB29D69846008329CB /* Frameworks */,
				044B3DCC29D69846008329CB /* Resources */,
			);
			buildRules = (
			);
			dependencies = (
			);
			name = SwiftUIProfileNavigation;
			productName = SwiftUIProfileNavigation;
			productReference = 044B3DCE29D69846008329CB /* SwiftUIProfileNavigation.app */;
			productType = "com.apple.product-type.application";
		};
/* End PBXNativeTarget section */

/* Begin PBXProject section */
		044B3DC629D69846008329CB /* Project object */ = {
			isa = PBXProject;
			attributes = {
				BuildIndependentTargetsInParallel = 1;
				LastSwiftUpdateCheck = 1420;
				LastUpgradeCheck = 1420;
				TargetAttributes = {
					044B3DCD29D69846008329CB = {
						CreatedOnToolsVersion = 14.2;
					};
				};
			};
			buildConfigurationList = 044B3DC929D69846008329CB /* Build configuration list for PBXProject "SwiftUIProfileNavigation" */;
			compatibilityVersion = "Xcode 14.0";
			developmentRegion = en;
			hasScannedForEncodings = 0;
			knownRegions = (
				en,
				Base,
			);
			mainGroup = 044B3DC529D69846008329CB;
			productRefGroup = 044B3DCF29D69846008329CB /* Products */;
			projectDirPath = "";
			projectRoot = "";
			targets = (
				044B3DCD29D69846008329CB /* SwiftUIProfileNavigation */,
			);
		};
/* End PBXProject section */

/* Begin PBXResourcesBuildPhase section */
		044B3DCC29D69846008329CB /* Resources */ = {
			isa = PBXResourcesBuildPhase;
			buildActionMask = 2147483647;
			files = (
				044B3DD929D69847008329CB /* Preview Assets.xcassets in Resources */,
				044B3DD629D69847008329CB /* Assets.xcassets in Resources */,
			);
			runOnlyForDeploymentPostprocessing = 0;
		};
/* End PBXResourcesBuildPhase section */

/* Begin PBXSourcesBuildPhase section */
		044B3DCA29D69846008329CB /* Sources */ = {
			isa = PBXSourcesBuildPhase;
			buildActionMask = 2147483647;
			files = (
				04A7554729D6C39300E869A9 /* ProfileModifier.swift in Sources */,
				044B3DEF29D69F4B008329CB /* ProfileFollowCountView.swift in Sources */,
				044B3DE929D69ADD008329CB /* ViewModel.swift in Sources */,
				044B3DE729D699CC008329CB /* ProfileView.swift in Sources */,
				04A7554D29D6CB9800E869A9 /* OtherProfileView.swift in Sources */,
				04A7555129D6CF3600E869A9 /* FollowButton.swift in Sources */,
				04A7553429D6B5B400E869A9 /* ProfileEditButtonView.swift in Sources */,
				04A7554B29D6C76C00E869A9 /* UIState.swift in Sources */,
				044B3DD429D69846008329CB /* ContentView.swift in Sources */,
				044B3DD229D69846008329CB /* SwiftUIProfileNavigationApp.swift in Sources */,
				044B3DEB29D69BE4008329CB /* ProfleHeader.swift in Sources */,
				04A7555729D6D50500E869A9 /* OtherFollowingView.swift in Sources */,
				04A7553829D6B71D00E869A9 /* PostRowView.swift in Sources */,
				04A7554F29D6CD4F00E869A9 /* OtherProfileModifier.swift in Sources */,
				04A7554929D6C47A00E869A9 /* Route.swift in Sources */,
				044B3DED29D69EF3008329CB /* ProfileInfoView.swift in Sources */,
				04A7553A29D6B7CC00E869A9 /* UserRowView.swift in Sources */,
				04A7554229D6C21900E869A9 /* FollowersView.swift in Sources */,
				044B3DE229D698D5008329CB /* User.swift in Sources */,
				04A7554529D6C29A00E869A9 /* FollowingView.swift in Sources */,
				04A7555529D6D4FA00E869A9 /* OtherFollowersView.swift in Sources */,
				04A7553C29D6B9AB00E869A9 /* ProfileListView.swift in Sources */,
				04A7553F29D6BBFA00E869A9 /* ProfileFilterBarView.swift in Sources */,
				04A7555929D6D55200E869A9 /* OtherFollowCount.swift in Sources */,
			);
			runOnlyForDeploymentPostprocessing = 0;
		};
/* End PBXSourcesBuildPhase section */

/* Begin XCBuildConfiguration section */
		044B3DDA29D69847008329CB /* Debug */ = {
			isa = XCBuildConfiguration;
			buildSettings = {
				ALWAYS_SEARCH_USER_PATHS = NO;
				CLANG_ANALYZER_NONNULL = YES;
				CLANG_ANALYZER_NUMBER_OBJECT_CONVERSION = YES_AGGRESSIVE;
				CLANG_CXX_LANGUAGE_STANDARD = "gnu++20";
				CLANG_ENABLE_MODULES = YES;
				CLANG_ENABLE_OBJC_ARC = YES;
				CLANG_ENABLE_OBJC_WEAK = YES;
				CLANG_WARN_BLOCK_CAPTURE_AUTORELEASING = YES;
				CLANG_WARN_BOOL_CONVERSION = YES;
				CLANG_WARN_COMMA = YES;
				CLANG_WARN_CONSTANT_CONVERSION = YES;
				CLANG_WARN_DEPRECATED_OBJC_IMPLEMENTATIONS = YES;
				CLANG_WARN_DIRECT_OBJC_ISA_USAGE = YES_ERROR;
				CLANG_WARN_DOCUMENTATION_COMMENTS = YES;
				CLANG_WARN_EMPTY_BODY = YES;
				CLANG_WARN_ENUM_CONVERSION = YES;
				CLANG_WARN_INFINITE_RECURSION = YES;
				CLANG_WARN_INT_CONVERSION = YES;
				CLANG_WARN_NON_LITERAL_NULL_CONVERSION = YES;
				CLANG_WARN_OBJC_IMPLICIT_RETAIN_SELF = YES;
				CLANG_WARN_OBJC_LITERAL_CONVERSION = YES;
				CLANG_WARN_OBJC_ROOT_CLASS = YES_ERROR;
				CLANG_WARN_QUOTED_INCLUDE_IN_FRAMEWORK_HEADER = YES;
				CLANG_WARN_RANGE_LOOP_ANALYSIS = YES;
				CLANG_WARN_STRICT_PROTOTYPES = YES;
				CLANG_WARN_SUSPICIOUS_MOVE = YES;
				CLANG_WARN_UNGUARDED_AVAILABILITY = YES_AGGRESSIVE;
				CLANG_WARN_UNREACHABLE_CODE = YES;
				CLANG_WARN__DUPLICATE_METHOD_MATCH = YES;
				COPY_PHASE_STRIP = NO;
				DEBUG_INFORMATION_FORMAT = dwarf;
				ENABLE_STRICT_OBJC_MSGSEND = YES;
				ENABLE_TESTABILITY = YES;
				GCC_C_LANGUAGE_STANDARD = gnu11;
				GCC_DYNAMIC_NO_PIC = NO;
				GCC_NO_COMMON_BLOCKS = YES;
				GCC_OPTIMIZATION_LEVEL = 0;
				GCC_PREPROCESSOR_DEFINITIONS = (
					"DEBUG=1",
					"$(inherited)",
				);
				GCC_WARN_64_TO_32_BIT_CONVERSION = YES;
				GCC_WARN_ABOUT_RETURN_TYPE = YES_ERROR;
				GCC_WARN_UNDECLARED_SELECTOR = YES;
				GCC_WARN_UNINITIALIZED_AUTOS = YES_AGGRESSIVE;
				GCC_WARN_UNUSED_FUNCTION = YES;
				GCC_WARN_UNUSED_VARIABLE = YES;
				IPHONEOS_DEPLOYMENT_TARGET = 16.2;
				MTL_ENABLE_DEBUG_INFO = INCLUDE_SOURCE;
				MTL_FAST_MATH = YES;
				ONLY_ACTIVE_ARCH = YES;
				SDKROOT = iphoneos;
				SWIFT_ACTIVE_COMPILATION_CONDITIONS = DEBUG;
				SWIFT_OPTIMIZATION_LEVEL = "-Onone";
			};
			name = Debug;
		};
		044B3DDB29D69847008329CB /* Release */ = {
			isa = XCBuildConfiguration;
			buildSettings = {
				ALWAYS_SEARCH_USER_PATHS = NO;
				CLANG_ANALYZER_NONNULL = YES;
				CLANG_ANALYZER_NUMBER_OBJECT_CONVERSION = YES_AGGRESSIVE;
				CLANG_CXX_LANGUAGE_STANDARD = "gnu++20";
				CLANG_ENABLE_MODULES = YES;
				CLANG_ENABLE_OBJC_ARC = YES;
				CLANG_ENABLE_OBJC_WEAK = YES;
				CLANG_WARN_BLOCK_CAPTURE_AUTORELEASING = YES;
				CLANG_WARN_BOOL_CONVERSION = YES;
				CLANG_WARN_COMMA = YES;
				CLANG_WARN_CONSTANT_CONVERSION = YES;
				CLANG_WARN_DEPRECATED_OBJC_IMPLEMENTATIONS = YES;
				CLANG_WARN_DIRECT_OBJC_ISA_USAGE = YES_ERROR;
				CLANG_WARN_DOCUMENTATION_COMMENTS = YES;
				CLANG_WARN_EMPTY_BODY = YES;
				CLANG_WARN_ENUM_CONVERSION = YES;
				CLANG_WARN_INFINITE_RECURSION = YES;
				CLANG_WARN_INT_CONVERSION = YES;
				CLANG_WARN_NON_LITERAL_NULL_CONVERSION = YES;
				CLANG_WARN_OBJC_IMPLICIT_RETAIN_SELF = YES;
				CLANG_WARN_OBJC_LITERAL_CONVERSION = YES;
				CLANG_WARN_OBJC_ROOT_CLASS = YES_ERROR;
				CLANG_WARN_QUOTED_INCLUDE_IN_FRAMEWORK_HEADER = YES;
				CLANG_WARN_RANGE_LOOP_ANALYSIS = YES;
				CLANG_WARN_STRICT_PROTOTYPES = YES;
				CLANG_WARN_SUSPICIOUS_MOVE = YES;
				CLANG_WARN_UNGUARDED_AVAILABILITY = YES_AGGRESSIVE;
				CLANG_WARN_UNREACHABLE_CODE = YES;
				CLANG_WARN__DUPLICATE_METHOD_MATCH = YES;
				COPY_PHASE_STRIP = NO;
				DEBUG_INFORMATION_FORMAT = "dwarf-with-dsym";
				ENABLE_NS_ASSERTIONS = NO;
				ENABLE_STRICT_OBJC_MSGSEND = YES;
				GCC_C_LANGUAGE_STANDARD = gnu11;
				GCC_NO_COMMON_BLOCKS = YES;
				GCC_WARN_64_TO_32_BIT_CONVERSION = YES;
				GCC_WARN_ABOUT_RETURN_TYPE = YES_ERROR;
				GCC_WARN_UNDECLARED_SELECTOR = YES;
				GCC_WARN_UNINITIALIZED_AUTOS = YES_AGGRESSIVE;
				GCC_WARN_UNUSED_FUNCTION = YES;
				GCC_WARN_UNUSED_VARIABLE = YES;
				IPHONEOS_DEPLOYMENT_TARGET = 16.2;
				MTL_ENABLE_DEBUG_INFO = NO;
				MTL_FAST_MATH = YES;
				SDKROOT = iphoneos;
				SWIFT_COMPILATION_MODE = wholemodule;
				SWIFT_OPTIMIZATION_LEVEL = "-O";
				VALIDATE_PRODUCT = YES;
			};
			name = Release;
		};
		044B3DDD29D69847008329CB /* Debug */ = {
			isa = XCBuildConfiguration;
			buildSettings = {
				ASSETCATALOG_COMPILER_APPICON_NAME = AppIcon;
				ASSETCATALOG_COMPILER_GLOBAL_ACCENT_COLOR_NAME = AccentColor;
				CODE_SIGN_STYLE = Automatic;
				CURRENT_PROJECT_VERSION = 1;
				DEVELOPMENT_ASSET_PATHS = "\"SwiftUIProfileNavigation/Preview Content\"";
				DEVELOPMENT_TEAM = 27MXYDTP56;
				ENABLE_PREVIEWS = YES;
				GENERATE_INFOPLIST_FILE = YES;
				INFOPLIST_FILE = SwiftUIProfileNavigation/Info.plist;
				INFOPLIST_KEY_LSApplicationCategoryType = "";
				INFOPLIST_KEY_UIApplicationSupportsIndirectInputEvents = YES;
				INFOPLIST_KEY_UILaunchScreen_Generation = YES;
				INFOPLIST_KEY_UISupportedInterfaceOrientations_iPad = "UIInterfaceOrientationPortrait UIInterfaceOrientationPortraitUpsideDown UIInterfaceOrientationLandscapeLeft UIInterfaceOrientationLandscapeRight";
				INFOPLIST_KEY_UISupportedInterfaceOrientations_iPhone = "UIInterfaceOrientationPortrait UIInterfaceOrientationLandscapeLeft UIInterfaceOrientationLandscapeRight";
				LD_RUNPATH_SEARCH_PATHS = (
					"$(inherited)",
					"@executable_path/Frameworks",
				);
				MARKETING_VERSION = 1.0;
				PRODUCT_BUNDLE_IDENTIFIER = com.smbrmoyo.SwiftUIProfileNavigation;
				PRODUCT_NAME = "$(TARGET_NAME)";
				SWIFT_EMIT_LOC_STRINGS = YES;
				SWIFT_VERSION = 5.0;
				TARGETED_DEVICE_FAMILY = "1,2";
			};
			name = Debug;
		};
		044B3DDE29D69847008329CB /* Release */ = {
			isa = XCBuildConfiguration;
			buildSettings = {
				ASSETCATALOG_COMPILER_APPICON_NAME = AppIcon;
				ASSETCATALOG_COMPILER_GLOBAL_ACCENT_COLOR_NAME = AccentColor;
				CODE_SIGN_STYLE = Automatic;
				CURRENT_PROJECT_VERSION = 1;
				DEVELOPMENT_ASSET_PATHS = "\"SwiftUIProfileNavigation/Preview Content\"";
				DEVELOPMENT_TEAM = 27MXYDTP56;
				ENABLE_PREVIEWS = YES;
				GENERATE_INFOPLIST_FILE = YES;
				INFOPLIST_FILE = SwiftUIProfileNavigation/Info.plist;
				INFOPLIST_KEY_LSApplicationCategoryType = "";
				INFOPLIST_KEY_UIApplicationSupportsIndirectInputEvents = YES;
				INFOPLIST_KEY_UILaunchScreen_Generation = YES;
				INFOPLIST_KEY_UISupportedInterfaceOrientations_iPad = "UIInterfaceOrientationPortrait UIInterfaceOrientationPortraitUpsideDown UIInterfaceOrientationLandscapeLeft UIInterfaceOrientationLandscapeRight";
				INFOPLIST_KEY_UISupportedInterfaceOrientations_iPhone = "UIInterfaceOrientationPortrait UIInterfaceOrientationLandscapeLeft UIInterfaceOrientationLandscapeRight";
				LD_RUNPATH_SEARCH_PATHS = (
					"$(inherited)",
					"@executable_path/Frameworks",
				);
				MARKETING_VERSION = 1.0;
				PRODUCT_BUNDLE_IDENTIFIER = com.smbrmoyo.SwiftUIProfileNavigation;
				PRODUCT_NAME = "$(TARGET_NAME)";
				SWIFT_EMIT_LOC_STRINGS = YES;
				SWIFT_VERSION = 5.0;
				TARGETED_DEVICE_FAMILY = "1,2";
			};
			name = Release;
		};
/* End XCBuildConfiguration section */

/* Begin XCConfigurationList section */
		044B3DC929D69846008329CB /* Build configuration list for PBXProject "SwiftUIProfileNavigation" */ = {
			isa = XCConfigurationList;
			buildConfigurations = (
				044B3DDA29D69847008329CB /* Debug */,
				044B3DDB29D69847008329CB /* Release */,
			);
			defaultConfigurationIsVisible = 0;
			defaultConfigurationName = Release;
		};
		044B3DDC29D69847008329CB /* Build configuration list for PBXNativeTarget "SwiftUIProfileNavigation" */ = {
			isa = XCConfigurationList;
			buildConfigurations = (
				044B3DDD29D69847008329CB /* Debug */,
				044B3DDE29D69847008329CB /* Release */,
			);
			defaultConfigurationIsVisible = 0;
			defaultConfigurationName = Release;
		};
/* End XCConfigurationList section */
	};
	rootObject = 044B3DC629D69846008329CB /* Project object */;
}
